
Microsoft Visual Studio Solution File, Format Version 12.00
# Visual Studio Version 17
VisualStudioVersion = 17.5.33530.505
MinimumVisualStudioVersion = 10.0.40219.1
Project("{FAE04EC0-301F-11D3-BF4B-00C04F79EFBC}") = "Anjoxam.BillingClient.Droid", "Anjoxam.BillingClient.Droid\Anjoxam.BillingClient.Droid.csproj", "{7E87F3B6-DF4F-4BB4-A4A4-CF311FBCB37A}"
EndProject
Global
	GlobalSection(SolutionConfigurationPlatforms) = preSolution
		Debug|Any CPU = Debug|Any CPU
		Release|Any CPU = Release|Any CPU
	EndGlobalSection
	GlobalSection(ProjectConfigurationPlatforms) = postSolution
		{7E87F3B6-DF4F-4BB4-A4A4-CF311FBCB37A}.Debug|Any CPU.ActiveCfg = Debug|Any CPU
		{7E87F3B6-DF4F-4BB4-A4A4-CF311FBCB37A}.Debug|Any CPU.Build.0 = Debug|Any CPU
		{7E87F3B6-DF4F-4BB4-A4A4-CF311FBCB37A}.Release|Any CPU.ActiveCfg = Release|Any CPU
		{7E87F3B6-DF4F-4BB4-A4A4-CF311FBCB37A}.Release|Any CPU.Build.0 = Release|Any CPU
	EndGlobalSection
	GlobalSection(SolutionProperties) = preSolution
		HideSolutionNode = FALSE
	EndGlobalSection
	GlobalSection(ExtensibilityGlobals) = postSolution
		SolutionGuid = {455B36B7-DE43-45B5-96CB-9B5E82B3C6D5}
	EndGlobalSection
EndGlobal
